speakeasyVersion: 1.761.4
sources:
    Paygentic API:
        sourceNamespace: paygentic-api
        sourceRevisionDigest: sha256:60dc77dad0b45891e4a898a67d4dec0e84738ac61d85a06e9649f1cc94b3ee5c
        sourceBlobDigest: sha256:15265fb4ac2589919dc4040b34beffe2f6fb04ed0b66cff6890076c5d8d9516a
        tags:
            - latest
targets:
    python:
        source: Paygentic API
        sourceNamespace: paygentic-api
        sourceRevisionDigest: sha256:60dc77dad0b45891e4a898a67d4dec0e84738ac61d85a06e9649f1cc94b3ee5c
        sourceBlobDigest: sha256:15265fb4ac2589919dc4040b34beffe2f6fb04ed0b66cff6890076c5d8d9516a
        codeSamplesNamespace: paygentic-api-python-code-samples
        codeSamplesRevisionDigest: sha256:0d78245d5e71ab29364faff9a846262a60d5b9da8d62ff7a2c6a3e6a1ff673d0
workflow:
    workflowVersion: 1.0.0
    speakeasyVersion: 1.761.4
    sources:
        Paygentic API:
            inputs:
                - location: registry.speakeasyapi.dev/paygentic/default/paygentic-api:main
            output: .speakeasy/out.openapi.yaml
    targets:
        python:
            target: python
            source: Paygentic API
            publish:
                pypi:
                    token: $pypi_token
            codeSamples:
                registry:
                    location: registry.speakeasyapi.dev/paygentic/default/paygentic-api-python-code-samples
                labelOverride:
                    fixedValue: Python (SDK)
                blocking: false
            testing:
                enabled: true
