speakeasyVersion: 1.761.4
sources:
    Paygentic API:
        sourceNamespace: paygentic-api
        sourceRevisionDigest: sha256:6815fbd906a2a7a7b3428880f3514c54d55055f7c61c9b570d01d4598d6362b7
        sourceBlobDigest: sha256:c8c2f950be2d5b0ecb6f4bdc13c1af50da7a9d9c8d83e7b8fbef14052599670a
        tags:
            - latest
targets:
    python:
        source: Paygentic API
        sourceNamespace: paygentic-api
        sourceRevisionDigest: sha256:6815fbd906a2a7a7b3428880f3514c54d55055f7c61c9b570d01d4598d6362b7
        sourceBlobDigest: sha256:c8c2f950be2d5b0ecb6f4bdc13c1af50da7a9d9c8d83e7b8fbef14052599670a
        codeSamplesNamespace: paygentic-api-python-code-samples
        codeSamplesRevisionDigest: sha256:b8d07c48e29d754fb74cd8e2b3599aa22b00a039fd6d1a5a8aa438dd1c013be4
workflow:
    workflowVersion: 1.0.0
    speakeasyVersion: 1.761.4
    sources:
        Paygentic API:
            inputs:
                - location: registry.speakeasyapi.dev/paygentic/default/paygentic-api:main
            output: .speakeasy/out.openapi.yaml
    targets:
        python:
            target: python
            source: Paygentic API
            publish:
                pypi:
                    token: $pypi_token
            codeSamples:
                registry:
                    location: registry.speakeasyapi.dev/paygentic/default/paygentic-api-python-code-samples
                labelOverride:
                    fixedValue: Python (SDK)
                blocking: false
            testing:
                enabled: true
