speakeasyVersion: 1.761.4
sources:
    Paygentic API:
        sourceNamespace: paygentic-api
        sourceRevisionDigest: sha256:08f7e694d16b65e86e0f9e25516848f0e62145ba4688f0c35515b45d71f61b3f
        sourceBlobDigest: sha256:2fa82e9506a26ba3533201290ec6a24af1d014b3c32eb3a8f3f45fa58d107322
        tags:
            - latest
targets:
    python:
        source: Paygentic API
        sourceNamespace: paygentic-api
        sourceRevisionDigest: sha256:08f7e694d16b65e86e0f9e25516848f0e62145ba4688f0c35515b45d71f61b3f
        sourceBlobDigest: sha256:2fa82e9506a26ba3533201290ec6a24af1d014b3c32eb3a8f3f45fa58d107322
        codeSamplesNamespace: paygentic-api-python-code-samples
        codeSamplesRevisionDigest: sha256:bc01c54fc75bc0aef3592c29faad37de01106f0145f37630c358b2905435acd6
workflow:
    workflowVersion: 1.0.0
    speakeasyVersion: 1.761.4
    sources:
        Paygentic API:
            inputs:
                - location: registry.speakeasyapi.dev/paygentic/default/paygentic-api:main
            output: .speakeasy/out.openapi.yaml
    targets:
        python:
            target: python
            source: Paygentic API
            publish:
                pypi:
                    token: $pypi_token
            codeSamples:
                registry:
                    location: registry.speakeasyapi.dev/paygentic/default/paygentic-api-python-code-samples
                labelOverride:
                    fixedValue: Python (SDK)
                blocking: false
            testing:
                enabled: true
